
Microsoft Visual Studio Solution File, Format Version 12.00
# Visual Studio Version 16
VisualStudioVersion = 16.0.28803.452
MinimumVisualStudioVersion = 15.0.26124.0
Project("{FAE04EC0-301F-11D3-BF4B-00C04F79EFBC}") = "RestExampleApi", "RestExampleApi\RestExampleApi\RestExampleApi.csproj", "{D4BBC9A0-4FD3-4CA2-9CA9-2B6D31C216C9}"
	ProjectSection(ProjectDependencies) = postProject
		{05884279-491D-4AB6-8699-5D179A519528} = {05884279-491D-4AB6-8699-5D179A519528}
	EndProjectSection
EndProject
Project("{FAE04EC0-301F-11D3-BF4B-00C04F79EFBC}") = "RestExampleApi.Tests", "RestExampleApi.Tests\RestExampleApi.Tests.csproj", "{D84D232D-2202-4879-9932-7B877F08D68E}"
EndProject
Project("{9A19103F-16F7-4668-BE54-9A1E7A4F7556}") = "RestExample", "RestExample\RestExample\RestExample.csproj", "{05884279-491D-4AB6-8699-5D179A519528}"
EndProject
Project("{FAE04EC0-301F-11D3-BF4B-00C04F79EFBC}") = "RestExample.Tests", "RestExample.Tests\RestExample.Tests\RestExample.Tests.csproj", "{1A811595-38D6-4934-806B-B84108B107D2}"
EndProject
Global
	GlobalSection(SolutionConfigurationPlatforms) = preSolution
		Debug|Any CPU = Debug|Any CPU
		Release|Any CPU = Release|Any CPU
	EndGlobalSection
	GlobalSection(ProjectConfigurationPlatforms) = postSolution
		{D4BBC9A0-4FD3-4CA2-9CA9-2B6D31C216C9}.Debug|Any CPU.ActiveCfg = Debug|Any CPU
		{D4BBC9A0-4FD3-4CA2-9CA9-2B6D31C216C9}.Debug|Any CPU.Build.0 = Debug|Any CPU
		{D4BBC9A0-4FD3-4CA2-9CA9-2B6D31C216C9}.Release|Any CPU.ActiveCfg = Release|Any CPU
		{D4BBC9A0-4FD3-4CA2-9CA9-2B6D31C216C9}.Release|Any CPU.Build.0 = Release|Any CPU
		{D84D232D-2202-4879-9932-7B877F08D68E}.Debug|Any CPU.ActiveCfg = Debug|Any CPU
		{D84D232D-2202-4879-9932-7B877F08D68E}.Debug|Any CPU.Build.0 = Debug|Any CPU
		{D84D232D-2202-4879-9932-7B877F08D68E}.Release|Any CPU.ActiveCfg = Release|Any CPU
		{D84D232D-2202-4879-9932-7B877F08D68E}.Release|Any CPU.Build.0 = Release|Any CPU
		{05884279-491D-4AB6-8699-5D179A519528}.Debug|Any CPU.ActiveCfg = Debug|Any CPU
		{05884279-491D-4AB6-8699-5D179A519528}.Debug|Any CPU.Build.0 = Debug|Any CPU
		{05884279-491D-4AB6-8699-5D179A519528}.Release|Any CPU.ActiveCfg = Release|Any CPU
		{05884279-491D-4AB6-8699-5D179A519528}.Release|Any CPU.Build.0 = Release|Any CPU
		{1A811595-38D6-4934-806B-B84108B107D2}.Debug|Any CPU.ActiveCfg = Debug|Any CPU
		{1A811595-38D6-4934-806B-B84108B107D2}.Debug|Any CPU.Build.0 = Debug|Any CPU
		{1A811595-38D6-4934-806B-B84108B107D2}.Release|Any CPU.ActiveCfg = Release|Any CPU
		{1A811595-38D6-4934-806B-B84108B107D2}.Release|Any CPU.Build.0 = Release|Any CPU
	EndGlobalSection
	GlobalSection(SolutionProperties) = preSolution
		HideSolutionNode = FALSE
	EndGlobalSection
	GlobalSection(ExtensibilityGlobals) = postSolution
		SolutionGuid = {7CF78895-AFDB-4ACD-BB1F-067852FCEB60}
	EndGlobalSection
EndGlobal
